lockfileVersion: '9.0'

settings:
  autoInstallPeers: true
  excludeLinksFromLockfile: false

importers:

  .:
    dependencies:
      '@deepseek-ai/cordis':
        specifier: ^4.0.1
        version: 4.0.1(@deepseek-ai/cordis-plugin-loader@1.0.2)
      '@deepseek-ai/cordis-plugin-loader':
        specifier: ^1.0.2
        version: 1.0.2(@deepseek-ai/cordis@4.0.1)
      '@deepseek-ai/dsh-agent':
        specifier: ^0.1.0-rc.6
        version: 0.1.0-rc.6(531b81fa1bd06817e7166d38da581b7d)
      '@deepseek-ai/dsh-agent-default-model':
        specifier: ^0.1.0-rc.6
        version: 0.1.0-rc.6(0d3f238a48f7ce67adb6c471fa0a4cc7)
      '@deepseek-ai/dsh-cmdline':
        specifier: 0.0.1-rc.1
        version: 0.0.1-rc.1(@deepseek-ai/cordis-plugin-loader@1.0.2)(@deepseek-ai/cordis@4.0.1)(@deepseek-ai/dsh-invariants@0.0.1-rc.1(@deepseek-ai/cordis@4.0.1))
      '@deepseek-ai/dsh-llm':
        specifier: ^0.1.0-rc.6
        version: 0.1.0-rc.6(@deepseek-ai/cordis@4.0.1)(@deepseek-ai/dsh-attachment@0.1.0-rc.6(@deepseek-ai/cordis@4.0.1)(@deepseek-ai/dsh-brand@0.1.0-rc.6(@deepseek-ai/cordis@4.0.1)(@deepseek-ai/dsh-invariants@0.0.1-rc.1(@deepseek-ai/cordis@4.0.1)))(@deepseek-ai/dsh-invariants@0.0.1-rc.1(@deepseek-ai/cordis@4.0.1)))(@deepseek-ai/dsh-brand@0.1.0-rc.6(@deepseek-ai/cordis@4.0.1)(@deepseek-ai/dsh-invariants@0.0.1-rc.1(@deepseek-ai/cordis@4.0.1)))(@deepseek-ai/dsh-invariants@0.0.1-rc.1(@deepseek-ai/cordis@4.0.1))(@deepseek-ai/dsh-timeout@0.1.0-rc.6(@deepseek-ai/cordis@4.0.1)(@deepseek-ai/dsh-invariants@0.0.1-rc.1(@deepseek-ai/cordis@4.0.1)))
      '@deepseek-ai/dsh-session':
        specifier: ^0.1.0-rc.6
        version: 0.1.0-rc.6(9b5a64d57e4a98f67961826ec9394290)
      '@deepseek-ai/dsh-tools':
        specifier: 0.0.1-rc.1
        version: 0.0.1-rc.1(a3b768eb2afb3bfc03048e900f550334)
      '@deepseek-ai/schemastery':
        specifier: ^3.18.1
        version: 3.18.1
      '@types/qrcode-terminal':
        specifier: ^0.12.2
        version: 0.12.2
      commander:
        specifier: ^15.0.0
        version: 15.0.0
      qrcode-terminal:
        specifier: ^0.12.0
        version: 0.12.0
      silk-wasm:
        specifier: ^3.7.1
        version: 3.7.1
      zod:
        specifier: ^4.4.3
        version: 4.4.3
    devDependencies:
      '@types/node':
        specifier: ^22.0.0
        version: 22.20.1
      typescript:
        specifier: ^5.5.0
        version: 5.5.2

packages:

  '@deepseek-ai/cordis-plugin-loader@1.0.2':
    resolution: {integrity: sha512-RIW9hoVyhYDWdCI9BsvtZccPde1ECLC4OAxupwowGTak78vwVTVdb3HezTSOK1Y1/Ax3Ru0LA1pYOB04CnTxIQ==}
    peerDependencies:
      '@deepseek-ai/cordis': ^4.0.1
      node-addon-require-builtin: ^0.1.4
    peerDependenciesMeta:
      node-addon-require-builtin:
        optional: true

  '@deepseek-ai/cordis@4.0.1':
    resolution: {integrity: sha512-YBdskTU2Po1kru3GgcUWUbkTsPMA9LkSQDAY8rBkFJeajdgcQad3QPJZE26JyK99Xb6HaASvoXg2DSUTeN/0Nw==}
    hasBin: true
    peerDependencies:
      '@deepseek-ai/cordis-plugin-include': ^1.0.6
      '@deepseek-ai/cordis-plugin-loader': ^1.0.2
    peerDependenciesMeta:
      '@deepseek-ai/cordis-plugin-include':
        optional: true
      '@deepseek-ai/cordis-plugin-loader':
        optional: true

  '@deepseek-ai/cosmokit@1.8.2':
    resolution: {integrity: sha512-muBOKtSrUKU5m/xpq8ZXWL6hQ/jgd4PhU2PqH97bcxIiLEJfNwZOGQEx4t/aS/GgxRAR+ra9pMHPMtTHU4sqqA==}

  '@deepseek-ai/dsh-agent-default-model@0.1.0-rc.6':
    resolution: {integrity: sha512-5Fl15p5mHVMlp69Ea0qeS81ej1Bt9vSJtCed+gjvzkKzv5y3VbJQ8PPBV34F1rTSyhTtjj5Q7TuDugQI5ZpjfA==}
    peerDependencies:
      '@deepseek-ai/cordis': ^4.0.1
      '@deepseek-ai/dsh-agent': ^0.1.0-rc.6
      '@deepseek-ai/dsh-invariants': ^0.1.0-rc.6
      '@deepseek-ai/dsh-llm': ^0.1.0-rc.6
      '@deepseek-ai/dsh-settings': ^0.1.0-rc.6

  '@deepseek-ai/dsh-agent@0.1.0-rc.6':
    resolution: {integrity: sha512-vtqq2pWTrzn0dKfj5kREZRpP82AwtGjGx9V1lYnKvF+Uc/a8zyWbSvjDE7V1d3YQAQJzs2cWO31hURWDekDXIA==}
    peerDependencies:
      '@deepseek-ai/cordis': ^4.0.1
      '@deepseek-ai/dsh-invariants': ^0.1.0-rc.6
      '@deepseek-ai/dsh-llm': ^0.1.0-rc.6
      '@deepseek-ai/dsh-scope': ^0.1.0-rc.6
      '@deepseek-ai/dsh-session': ^0.1.0-rc.6
      '@deepseek-ai/dsh-system-prompt': ^0.1.0-rc.6
      '@deepseek-ai/dsh-typert-protocol': ^0.1.0-rc.6

  '@deepseek-ai/dsh-attachment@0.1.0-rc.6':
    resolution: {integrity: sha512-3P6N17NQ8jqSQGzeCs+svCIqArU8oq0YmgEAo+axN9aVuUDferWU4DLRSX59UGpmyldX4LQn81toA+c+DqMcHg==}
    peerDependencies:
      '@deepseek-ai/cordis': ^4.0.1
      '@deepseek-ai/dsh-brand': ^0.1.0-rc.6
      '@deepseek-ai/dsh-invariants': ^0.1.0-rc.6

  '@deepseek-ai/dsh-brand@0.1.0-rc.6':
    resolution: {integrity: sha512-E8j9Nby24qP4rfrdcfc7bpt1CHpGT3tYmycOJJkEOH4ptIdT1m2ro9nmnSd5CWYukTr64A77vjm2WGqHRI92UA==}
    peerDependencies:
      '@deepseek-ai/cordis': ^4.0.1
      '@deepseek-ai/dsh-invariants': ^0.1.0-rc.6

  '@deepseek-ai/dsh-cmdline@0.0.1-rc.1':
    resolution: {integrity: sha512-xR4QpPE2tpmM8P0yuaeTJij2e03t+JTaL0/BobFKcbSlR4wyUjH3yJkuN7dWFR3wmxVRVegTpnFXa8sJNfJBQw==}
    peerDependencies:
      '@deepseek-ai/cordis': ^4.0.1-rc.1
      '@deepseek-ai/cordis-plugin-loader': ^1.0.1-rc.1
      '@deepseek-ai/dsh-invariants': ^0.0.1-rc.1

  '@deepseek-ai/dsh-code-runtime@0.0.1-rc.1':
    resolution: {integrity: sha512-lfHc2HevlivlnKWt876s1rOSov5PyR9tPpPiQFEs46jREF5JjwMdE8yTUbpEnBt9A97NZ+vKl2o7LbqVZPSSxg==}
    peerDependencies:
      '@deepseek-ai/cordis': ^4.0.1-rc.1
      '@deepseek-ai/dsh-invariants': ^0.0.1-rc.1

  '@deepseek-ai/dsh-invariants@0.0.1-rc.1':
    resolution: {integrity: sha512-ZoGCGColviu3Tkdnv9hMkgBE4eg0hAz5GXR/knqRf7mJUeBlTCya2dIckYlqekYmp5L+1AeWxf9j+Lv1YRcvXw==}
    peerDependencies:
      '@deepseek-ai/cordis': ^4.0.1-rc.1

  '@deepseek-ai/dsh-llm@0.1.0-rc.6':
    resolution: {integrity: sha512-kuFGC8bHlzGTwlRxQhXjf3CYWl8M4NzH+EYIkrW8rri4iMc9W53xrdvkil5No/DUlMm8g1u7GdeiWYFy0TMvtA==}
    peerDependencies:
      '@deepseek-ai/cordis': ^4.0.1
      '@deepseek-ai/dsh-attachment': ^0.1.0-rc.6
      '@deepseek-ai/dsh-brand': ^0.1.0-rc.6
      '@deepseek-ai/dsh-invariants': ^0.1.0-rc.6
      '@deepseek-ai/dsh-timeout': ^0.1.0-rc.6

  '@deepseek-ai/dsh-scope@0.0.1-rc.1':
    resolution: {integrity: sha512-XJa74NACc/285kF7Tak2nA+dlNpSTN77cV9SMhl75Bzu1y7p9+VgSMJfd6ydBsYVtDcAwzbon4wSS1u9AiI5VQ==}
    peerDependencies:
      '@deepseek-ai/cordis': ^4.0.1-rc.1
      '@deepseek-ai/dsh-invariants': ^0.0.1-rc.1

  '@deepseek-ai/dsh-session@0.1.0-rc.6':
    resolution: {integrity: sha512-8tu8I6VWC7050GAUXWhcEWQw4pakALQc8TlhKr52m7Y4+kIKeNt3FBgP86PaGPBtpK0p5zUPRQNkFpzZbBdxyw==}
    peerDependencies:
      '@deepseek-ai/cordis': ^4.0.1
      '@deepseek-ai/dsh-brand': ^0.1.0-rc.6
      '@deepseek-ai/dsh-invariants': ^0.1.0-rc.6
      '@deepseek-ai/dsh-llm': ^0.1.0-rc.6
      '@deepseek-ai/dsh-scope': ^0.1.0-rc.6
      '@deepseek-ai/dsh-typert-protocol': ^0.1.0-rc.6

  '@deepseek-ai/dsh-settings@0.1.0-rc.6':
    resolution: {integrity: sha512-5ZlH2FNRU0kkdcCoEJohvdb2fiNnxM+iZqN3icbR3WQbMm8RPRrXlZlps5YUaQKPRbNRHA2LkOXW998QRlhHcA==}
    peerDependencies:
      '@deepseek-ai/cordis': ^4.0.1
      '@deepseek-ai/dsh-brand': ^0.1.0-rc.6
      '@deepseek-ai/dsh-invariants': ^0.1.0-rc.6
      '@deepseek-ai/schemastery': ^3.18.1

  '@deepseek-ai/dsh-system-prompt@0.0.1-rc.1':
    resolution: {integrity: sha512-xNHVjV8oBueTbYe2i7OmxW3W4SDlMUo2ZxJiLeVQdjx8jolzYHyF+EgaYeOJmF1BJmgPbyc1biCZetSFSWY9TA==}
    peerDependencies:
      '@deepseek-ai/cordis': ^4.0.1-rc.1
      '@deepseek-ai/dsh-invariants': ^0.0.1-rc.1
      '@deepseek-ai/dsh-llm': ^0.0.1-rc.1
      '@deepseek-ai/dsh-scope': ^0.0.1-rc.1

  '@deepseek-ai/dsh-timeout@0.1.0-rc.6':
    resolution: {integrity: sha512-CUean0fAnfsJVszFEip7PsU/S26W+JfDFfsza2dCtlw8n6xlkbHA9Gjxdk2aTwqDGCgXEPkRW7mYkdJ0n6FR7w==}
    peerDependencies:
      '@deepseek-ai/cordis': ^4.0.1
      '@deepseek-ai/dsh-invariants': ^0.1.0-rc.6

  '@deepseek-ai/dsh-tools@0.0.1-rc.1':
    resolution: {integrity: sha512-mrtq+UXc6UVidrGo4GM8RAH0Gqc4iFOmtPeQAz59Phhjl3EmzkFI0Mo6dQlHQamrc2J9jppPtGtUzW9qHmwxDQ==}
    peerDependencies:
      '@deepseek-ai/cordis': ^4.0.1-rc.1
      '@deepseek-ai/dsh-agent': ^0.0.1-rc.1
      '@deepseek-ai/dsh-code-runtime': ^0.0.1-rc.1
      '@deepseek-ai/dsh-invariants': ^0.0.1-rc.1
      '@deepseek-ai/dsh-llm': ^0.0.1-rc.1
      '@deepseek-ai/dsh-scope': ^0.0.1-rc.1
      '@deepseek-ai/dsh-session': ^0.0.1-rc.1
      '@deepseek-ai/dsh-system-prompt': ^0.0.1-rc.1
      '@deepseek-ai/dsh-user-approval': ^0.0.1-rc.1

  '@deepseek-ai/dsh-typert-protocol@0.1.0-rc.6':
    resolution: {integrity: sha512-weWzN8r01YCkoDCAM7BsKw2YhRrD4zL8N2SAZu9hovYtXSq8xHXsP4Zh8RLYIlYcuotjyff/6hic+0TJPd14YA==}
    peerDependencies:
      '@deepseek-ai/cordis': ^4.0.1
      '@deepseek-ai/dsh-invariants': ^0.1.0-rc.6

  '@deepseek-ai/dsh-user-approval@0.0.1-rc.1':
    resolution: {integrity: sha512-28J7iT2fl9I0haeCRwVIWqhFBO3xG+A1GAdfhLJG/9YkB0F3Cs6FUoRtNQ7pjxkJ6QzELY/gRBE7axCP0ETHcA==}
    peerDependencies:
      '@deepseek-ai/cordis': ^4.0.1-rc.1
      '@deepseek-ai/dsh-agent': ^0.0.1-rc.1
      '@deepseek-ai/dsh-brand': ^0.0.1-rc.1
      '@deepseek-ai/dsh-invariants': ^0.0.1-rc.1
      '@deepseek-ai/dsh-llm': ^0.0.1-rc.1
      '@deepseek-ai/dsh-scope': ^0.0.1-rc.1
      '@deepseek-ai/dsh-session': ^0.0.1-rc.1
      '@deepseek-ai/dsh-system-prompt': ^0.0.1-rc.1

  '@deepseek-ai/schemastery@3.18.1':
    resolution: {integrity: sha512-Qn0FCSwCQnpnj6SB31I6i2sIKgKWnkbJM8O0EU91Gv2UsYVvtZTl6IA0sCwk2e2MZf5S8w5hpq9QkeVvK9qwxg==}

  '@standard-schema/spec@1.1.0':
    resolution: {integrity: sha512-l2aFy5jALhniG5HgqrD6jXLi/rUWrKvqN/qJx6yoJsgKhblVd+iqqU4RCXavm/jPityDo5TCvKMnpjKnOriy0w==}

  '@types/node@22.20.1':
    resolution: {integrity: sha512-EANqOCF9QFyra+4pfxUcX9STKJpCLjMbObVzljIJomAWSnuSIEAvyzEU53GaajbXJEgdh0iEcPL+DGvpUd4k1Q==}

  '@types/qrcode-terminal@0.12.2':
    resolution: {integrity: sha512-v+RcIEJ+Uhd6ygSQ0u5YYY7ZM+la7GgPbs0V/7l/kFs2uO4S8BcIUEMoP7za4DNIqNnUD5npf0A/7kBhrCKG5Q==}

  commander@15.0.0:
    resolution: {integrity: sha512-z67u4ZhzCL/Tydu1lJARtEZYWbWaN7oYLHbsuzocr6y4N6WZAagG3RQ4FW61V1/0+jImpj293XfrcYnd1qxtPg==}
    engines: {node: '>=22.12.0'}

  qrcode-terminal@0.12.0:
    resolution: {integrity: sha512-EXtzRZmC+YGmGlDFbXKxQiMZNwCLEO6BANKXG4iCtSIM0yqc/pappSx3RIKr4r0uh5JsBckOXeKrB3Iz7mdQpQ==}
    hasBin: true

  silk-wasm@3.7.1:
    resolution: {integrity: sha512-mXPwLRtZxrYV3TZx41jMAeKc80wvmyrcXIcs8HctFxK15Ahz2OJQENYhNgEPeCEOdI6Mbx1NxQsqxzwc3DKerw==}
    engines: {node: '>=16.11.0'}

  typescript@5.5.2:
    resolution: {integrity: sha512-NcRtPEOsPFFWjobJEtfihkLCZCXZt/os3zf8nTxjVH3RvTSxjrCamJpbExGvYOF+tFHc3pA65qpdwPbzjohhew==}
    engines: {node: '>=14.17'}
    hasBin: true

  undici-types@6.21.0:
    resolution: {integrity: sha512-iwDZqg0QAGrg9Rav5H4n0M64c3mkR59cJ6wQp+7C4nI0gsmExaedaYLNO44eT4AtBBwjbTiGPMlt2Md0T9H9JQ==}

  zod@4.4.3:
    resolution: {integrity: sha512-ytENFjIJFl2UwYglde2jchW2Hwm4GJFLDiSXWdTrJQBIN9Fcyp7n4DhxJEiWNAJMV1/BqWfW/kkg71UDcHJyTQ==}

snapshots:

  '@deepseek-ai/cordis-plugin-loader@1.0.2(@deepseek-ai/cordis@4.0.1)':
    dependencies:
      '@deepseek-ai/cordis': 4.0.1(@deepseek-ai/cordis-plugin-loader@1.0.2)
      '@deepseek-ai/cosmokit': 1.8.2

  '@deepseek-ai/cordis@4.0.1(@deepseek-ai/cordis-plugin-loader@1.0.2)':
    dependencies:
      '@deepseek-ai/cosmokit': 1.8.2
      '@standard-schema/spec': 1.1.0
    optionalDependencies:
      '@deepseek-ai/cordis-plugin-loader': 1.0.2(@deepseek-ai/cordis@4.0.1)

  '@deepseek-ai/cosmokit@1.8.2': {}

  '@deepseek-ai/dsh-agent-default-model@0.1.0-rc.6(0d3f238a48f7ce67adb6c471fa0a4cc7)':
    dependencies:
      '@deepseek-ai/cordis': 4.0.1(@deepseek-ai/cordis-plugin-loader@1.0.2)
      '@deepseek-ai/dsh-agent': 0.1.0-rc.6(531b81fa1bd06817e7166d38da581b7d)
      '@deepseek-ai/dsh-invariants': 0.0.1-rc.1(@deepseek-ai/cordis@4.0.1)
      '@deepseek-ai/dsh-llm': 0.1.0-rc.6(@deepseek-ai/cordis@4.0.1)(@deepseek-ai/dsh-attachment@0.1.0-rc.6(@deepseek-ai/cordis@4.0.1)(@deepseek-ai/dsh-brand@0.1.0-rc.6(@deepseek-ai/cordis@4.0.1)(@deepseek-ai/dsh-invariants@0.0.1-rc.1(@deepseek-ai/cordis@4.0.1)))(@deepseek-ai/dsh-invariants@0.0.1-rc.1(@deepseek-ai/cordis@4.0.1)))(@deepseek-ai/dsh-brand@0.1.0-rc.6(@deepseek-ai/cordis@4.0.1)(@deepseek-ai/dsh-invariants@0.0.1-rc.1(@deepseek-ai/cordis@4.0.1)))(@deepseek-ai/dsh-invariants@0.0.1-rc.1(@deepseek-ai/cordis@4.0.1))(@deepseek-ai/dsh-timeout@0.1.0-rc.6(@deepseek-ai/cordis@4.0.1)(@deepseek-ai/dsh-invariants@0.0.1-rc.1(@deepseek-ai/cordis@4.0.1)))
      '@deepseek-ai/dsh-settings': 0.1.0-rc.6(@deepseek-ai/cordis@4.0.1)(@deepseek-ai/dsh-brand@0.1.0-rc.6(@deepseek-ai/cordis@4.0.1)(@deepseek-ai/dsh-invariants@0.0.1-rc.1(@deepseek-ai/cordis@4.0.1)))(@deepseek-ai/dsh-invariants@0.0.1-rc.1(@deepseek-ai/cordis@4.0.1))(@deepseek-ai/schemastery@3.18.1)
      '@deepseek-ai/schemastery': 3.18.1

  '@deepseek-ai/dsh-agent@0.1.0-rc.6(531b81fa1bd06817e7166d38da581b7d)':
    dependencies:
      '@deepseek-ai/cordis': 4.0.1(@deepseek-ai/cordis-plugin-loader@1.0.2)
      '@deepseek-ai/dsh-invariants': 0.0.1-rc.1(@deepseek-ai/cordis@4.0.1)
      '@deepseek-ai/dsh-llm': 0.1.0-rc.6(@deepseek-ai/cordis@4.0.1)(@deepseek-ai/dsh-attachment@0.1.0-rc.6(@deepseek-ai/cordis@4.0.1)(@deepseek-ai/dsh-brand@0.1.0-rc.6(@deepseek-ai/cordis@4.0.1)(@deepseek-ai/dsh-invariants@0.0.1-rc.1(@deepseek-ai/cordis@4.0.1)))(@deepseek-ai/dsh-invariants@0.0.1-rc.1(@deepseek-ai/cordis@4.0.1)))(@deepseek-ai/dsh-brand@0.1.0-rc.6(@deepseek-ai/cordis@4.0.1)(@deepseek-ai/dsh-invariants@0.0.1-rc.1(@deepseek-ai/cordis@4.0.1)))(@deepseek-ai/dsh-invariants@0.0.1-rc.1(@deepseek-ai/cordis@4.0.1))(@deepseek-ai/dsh-timeout@0.1.0-rc.6(@deepseek-ai/cordis@4.0.1)(@deepseek-ai/dsh-invariants@0.0.1-rc.1(@deepseek-ai/cordis@4.0.1)))
      '@deepseek-ai/dsh-scope': 0.0.1-rc.1(@deepseek-ai/cordis@4.0.1)(@deepseek-ai/dsh-invariants@0.0.1-rc.1(@deepseek-ai/cordis@4.0.1))
      '@deepseek-ai/dsh-session': 0.1.0-rc.6(9b5a64d57e4a98f67961826ec9394290)
      '@deepseek-ai/dsh-system-prompt': 0.0.1-rc.1(@deepseek-ai/cordis@4.0.1)(@deepseek-ai/dsh-invariants@0.0.1-rc.1(@deepseek-ai/cordis@4.0.1))(@deepseek-ai/dsh-llm@0.1.0-rc.6(@deepseek-ai/cordis@4.0.1)(@deepseek-ai/dsh-attachment@0.1.0-rc.6(@deepseek-ai/cordis@4.0.1)(@deepseek-ai/dsh-brand@0.1.0-rc.6(@deepseek-ai/cordis@4.0.1)(@deepseek-ai/dsh-invariants@0.0.1-rc.1(@deepseek-ai/cordis@4.0.1)))(@deepseek-ai/dsh-invariants@0.0.1-rc.1(@deepseek-ai/cordis@4.0.1)))(@deepseek-ai/dsh-brand@0.1.0-rc.6(@deepseek-ai/cordis@4.0.1)(@deepseek-ai/dsh-invariants@0.0.1-rc.1(@deepseek-ai/cordis@4.0.1)))(@deepseek-ai/dsh-invariants@0.0.1-rc.1(@deepseek-ai/cordis@4.0.1))(@deepseek-ai/dsh-timeout@0.1.0-rc.6(@deepseek-ai/cordis@4.0.1)(@deepseek-ai/dsh-invariants@0.0.1-rc.1(@deepseek-ai/cordis@4.0.1))))(@deepseek-ai/dsh-scope@0.0.1-rc.1(@deepseek-ai/cordis@4.0.1)(@deepseek-ai/dsh-invariants@0.0.1-rc.1(@deepseek-ai/cordis@4.0.1)))
      '@deepseek-ai/dsh-typert-protocol': 0.1.0-rc.6(@deepseek-ai/cordis@4.0.1)(@deepseek-ai/dsh-invariants@0.0.1-rc.1(@deepseek-ai/cordis@4.0.1))

  '@deepseek-ai/dsh-attachment@0.1.0-rc.6(@deepseek-ai/cordis@4.0.1)(@deepseek-ai/dsh-brand@0.1.0-rc.6(@deepseek-ai/cordis@4.0.1)(@deepseek-ai/dsh-invariants@0.0.1-rc.1(@deepseek-ai/cordis@4.0.1)))(@deepseek-ai/dsh-invariants@0.0.1-rc.1(@deepseek-ai/cordis@4.0.1))':
    dependencies:
      '@deepseek-ai/cordis': 4.0.1(@deepseek-ai/cordis-plugin-loader@1.0.2)
      '@deepseek-ai/dsh-brand': 0.1.0-rc.6(@deepseek-ai/cordis@4.0.1)(@deepseek-ai/dsh-invariants@0.0.1-rc.1(@deepseek-ai/cordis@4.0.1))
      '@deepseek-ai/dsh-invariants': 0.0.1-rc.1(@deepseek-ai/cordis@4.0.1)

  '@deepseek-ai/dsh-brand@0.1.0-rc.6(@deepseek-ai/cordis@4.0.1)(@deepseek-ai/dsh-invariants@0.0.1-rc.1(@deepseek-ai/cordis@4.0.1))':
    dependencies:
      '@deepseek-ai/cordis': 4.0.1(@deepseek-ai/cordis-plugin-loader@1.0.2)
      '@deepseek-ai/dsh-invariants': 0.0.1-rc.1(@deepseek-ai/cordis@4.0.1)

  '@deepseek-ai/dsh-cmdline@0.0.1-rc.1(@deepseek-ai/cordis-plugin-loader@1.0.2)(@deepseek-ai/cordis@4.0.1)(@deepseek-ai/dsh-invariants@0.0.1-rc.1(@deepseek-ai/cordis@4.0.1))':
    dependencies:
      '@deepseek-ai/cordis': 4.0.1(@deepseek-ai/cordis-plugin-loader@1.0.2)
      '@deepseek-ai/cordis-plugin-loader': 1.0.2(@deepseek-ai/cordis@4.0.1)
      '@deepseek-ai/dsh-invariants': 0.0.1-rc.1(@deepseek-ai/cordis@4.0.1)

  '@deepseek-ai/dsh-code-runtime@0.0.1-rc.1(@deepseek-ai/cordis@4.0.1)(@deepseek-ai/dsh-invariants@0.0.1-rc.1(@deepseek-ai/cordis@4.0.1))':
    dependencies:
      '@deepseek-ai/cordis': 4.0.1(@deepseek-ai/cordis-plugin-loader@1.0.2)
      '@deepseek-ai/dsh-invariants': 0.0.1-rc.1(@deepseek-ai/cordis@4.0.1)

  '@deepseek-ai/dsh-invariants@0.0.1-rc.1(@deepseek-ai/cordis@4.0.1)':
    dependencies:
      '@deepseek-ai/cordis': 4.0.1(@deepseek-ai/cordis-plugin-loader@1.0.2)
      '@deepseek-ai/schemastery': 3.18.1

  '@deepseek-ai/dsh-llm@0.1.0-rc.6(@deepseek-ai/cordis@4.0.1)(@deepseek-ai/dsh-attachment@0.1.0-rc.6(@deepseek-ai/cordis@4.0.1)(@deepseek-ai/dsh-brand@0.1.0-rc.6(@deepseek-ai/cordis@4.0.1)(@deepseek-ai/dsh-invariants@0.0.1-rc.1(@deepseek-ai/cordis@4.0.1)))(@deepseek-ai/dsh-invariants@0.0.1-rc.1(@deepseek-ai/cordis@4.0.1)))(@deepseek-ai/dsh-brand@0.1.0-rc.6(@deepseek-ai/cordis@4.0.1)(@deepseek-ai/dsh-invariants@0.0.1-rc.1(@deepseek-ai/cordis@4.0.1)))(@deepseek-ai/dsh-invariants@0.0.1-rc.1(@deepseek-ai/cordis@4.0.1))(@deepseek-ai/dsh-timeout@0.1.0-rc.6(@deepseek-ai/cordis@4.0.1)(@deepseek-ai/dsh-invariants@0.0.1-rc.1(@deepseek-ai/cordis@4.0.1)))':
    dependencies:
      '@deepseek-ai/cordis': 4.0.1(@deepseek-ai/cordis-plugin-loader@1.0.2)
      '@deepseek-ai/dsh-attachment': 0.1.0-rc.6(@deepseek-ai/cordis@4.0.1)(@deepseek-ai/dsh-brand@0.1.0-rc.6(@deepseek-ai/cordis@4.0.1)(@deepseek-ai/dsh-invariants@0.0.1-rc.1(@deepseek-ai/cordis@4.0.1)))(@deepseek-ai/dsh-invariants@0.0.1-rc.1(@deepseek-ai/cordis@4.0.1))
      '@deepseek-ai/dsh-brand': 0.1.0-rc.6(@deepseek-ai/cordis@4.0.1)(@deepseek-ai/dsh-invariants@0.0.1-rc.1(@deepseek-ai/cordis@4.0.1))
      '@deepseek-ai/dsh-invariants': 0.0.1-rc.1(@deepseek-ai/cordis@4.0.1)
      '@deepseek-ai/dsh-timeout': 0.1.0-rc.6(@deepseek-ai/cordis@4.0.1)(@deepseek-ai/dsh-invariants@0.0.1-rc.1(@deepseek-ai/cordis@4.0.1))
      '@deepseek-ai/schemastery': 3.18.1

  '@deepseek-ai/dsh-scope@0.0.1-rc.1(@deepseek-ai/cordis@4.0.1)(@deepseek-ai/dsh-invariants@0.0.1-rc.1(@deepseek-ai/cordis@4.0.1))':
    dependencies:
      '@deepseek-ai/cordis': 4.0.1(@deepseek-ai/cordis-plugin-loader@1.0.2)
      '@deepseek-ai/dsh-invariants': 0.0.1-rc.1(@deepseek-ai/cordis@4.0.1)

  '@deepseek-ai/dsh-session@0.1.0-rc.6(9b5a64d57e4a98f67961826ec9394290)':
    dependencies:
      '@deepseek-ai/cordis': 4.0.1(@deepseek-ai/cordis-plugin-loader@1.0.2)
      '@deepseek-ai/dsh-brand': 0.1.0-rc.6(@deepseek-ai/cordis@4.0.1)(@deepseek-ai/dsh-invariants@0.0.1-rc.1(@deepseek-ai/cordis@4.0.1))
      '@deepseek-ai/dsh-invariants': 0.0.1-rc.1(@deepseek-ai/cordis@4.0.1)
      '@deepseek-ai/dsh-llm': 0.1.0-rc.6(@deepseek-ai/cordis@4.0.1)(@deepseek-ai/dsh-attachment@0.1.0-rc.6(@deepseek-ai/cordis@4.0.1)(@deepseek-ai/dsh-brand@0.1.0-rc.6(@deepseek-ai/cordis@4.0.1)(@deepseek-ai/dsh-invariants@0.0.1-rc.1(@deepseek-ai/cordis@4.0.1)))(@deepseek-ai/dsh-invariants@0.0.1-rc.1(@deepseek-ai/cordis@4.0.1)))(@deepseek-ai/dsh-brand@0.1.0-rc.6(@deepseek-ai/cordis@4.0.1)(@deepseek-ai/dsh-invariants@0.0.1-rc.1(@deepseek-ai/cordis@4.0.1)))(@deepseek-ai/dsh-invariants@0.0.1-rc.1(@deepseek-ai/cordis@4.0.1))(@deepseek-ai/dsh-timeout@0.1.0-rc.6(@deepseek-ai/cordis@4.0.1)(@deepseek-ai/dsh-invariants@0.0.1-rc.1(@deepseek-ai/cordis@4.0.1)))
      '@deepseek-ai/dsh-scope': 0.0.1-rc.1(@deepseek-ai/cordis@4.0.1)(@deepseek-ai/dsh-invariants@0.0.1-rc.1(@deepseek-ai/cordis@4.0.1))
      '@deepseek-ai/dsh-typert-protocol': 0.1.0-rc.6(@deepseek-ai/cordis@4.0.1)(@deepseek-ai/dsh-invariants@0.0.1-rc.1(@deepseek-ai/cordis@4.0.1))

  '@deepseek-ai/dsh-settings@0.1.0-rc.6(@deepseek-ai/cordis@4.0.1)(@deepseek-ai/dsh-brand@0.1.0-rc.6(@deepseek-ai/cordis@4.0.1)(@deepseek-ai/dsh-invariants@0.0.1-rc.1(@deepseek-ai/cordis@4.0.1)))(@deepseek-ai/dsh-invariants@0.0.1-rc.1(@deepseek-ai/cordis@4.0.1))(@deepseek-ai/schemastery@3.18.1)':
    dependencies:
      '@deepseek-ai/cordis': 4.0.1(@deepseek-ai/cordis-plugin-loader@1.0.2)
      '@deepseek-ai/dsh-brand': 0.1.0-rc.6(@deepseek-ai/cordis@4.0.1)(@deepseek-ai/dsh-invariants@0.0.1-rc.1(@deepseek-ai/cordis@4.0.1))
      '@deepseek-ai/dsh-invariants': 0.0.1-rc.1(@deepseek-ai/cordis@4.0.1)
      '@deepseek-ai/schemastery': 3.18.1

  '@deepseek-ai/dsh-system-prompt@0.0.1-rc.1(@deepseek-ai/cordis@4.0.1)(@deepseek-ai/dsh-invariants@0.0.1-rc.1(@deepseek-ai/cordis@4.0.1))(@deepseek-ai/dsh-llm@0.1.0-rc.6(@deepseek-ai/cordis@4.0.1)(@deepseek-ai/dsh-attachment@0.1.0-rc.6(@deepseek-ai/cordis@4.0.1)(@deepseek-ai/dsh-brand@0.1.0-rc.6(@deepseek-ai/cordis@4.0.1)(@deepseek-ai/dsh-invariants@0.0.1-rc.1(@deepseek-ai/cordis@4.0.1)))(@deepseek-ai/dsh-invariants@0.0.1-rc.1(@deepseek-ai/cordis@4.0.1)))(@deepseek-ai/dsh-brand@0.1.0-rc.6(@deepseek-ai/cordis@4.0.1)(@deepseek-ai/dsh-invariants@0.0.1-rc.1(@deepseek-ai/cordis@4.0.1)))(@deepseek-ai/dsh-invariants@0.0.1-rc.1(@deepseek-ai/cordis@4.0.1))(@deepseek-ai/dsh-timeout@0.1.0-rc.6(@deepseek-ai/cordis@4.0.1)(@deepseek-ai/dsh-invariants@0.0.1-rc.1(@deepseek-ai/cordis@4.0.1))))(@deepseek-ai/dsh-scope@0.0.1-rc.1(@deepseek-ai/cordis@4.0.1)(@deepseek-ai/dsh-invariants@0.0.1-rc.1(@deepseek-ai/cordis@4.0.1)))':
    dependencies:
      '@deepseek-ai/cordis': 4.0.1(@deepseek-ai/cordis-plugin-loader@1.0.2)
      '@deepseek-ai/dsh-invariants': 0.0.1-rc.1(@deepseek-ai/cordis@4.0.1)
      '@deepseek-ai/dsh-llm': 0.1.0-rc.6(@deepseek-ai/cordis@4.0.1)(@deepseek-ai/dsh-attachment@0.1.0-rc.6(@deepseek-ai/cordis@4.0.1)(@deepseek-ai/dsh-brand@0.1.0-rc.6(@deepseek-ai/cordis@4.0.1)(@deepseek-ai/dsh-invariants@0.0.1-rc.1(@deepseek-ai/cordis@4.0.1)))(@deepseek-ai/dsh-invariants@0.0.1-rc.1(@deepseek-ai/cordis@4.0.1)))(@deepseek-ai/dsh-brand@0.1.0-rc.6(@deepseek-ai/cordis@4.0.1)(@deepseek-ai/dsh-invariants@0.0.1-rc.1(@deepseek-ai/cordis@4.0.1)))(@deepseek-ai/dsh-invariants@0.0.1-rc.1(@deepseek-ai/cordis@4.0.1))(@deepseek-ai/dsh-timeout@0.1.0-rc.6(@deepseek-ai/cordis@4.0.1)(@deepseek-ai/dsh-invariants@0.0.1-rc.1(@deepseek-ai/cordis@4.0.1)))
      '@deepseek-ai/dsh-scope': 0.0.1-rc.1(@deepseek-ai/cordis@4.0.1)(@deepseek-ai/dsh-invariants@0.0.1-rc.1(@deepseek-ai/cordis@4.0.1))
      '@deepseek-ai/schemastery': 3.18.1

  '@deepseek-ai/dsh-timeout@0.1.0-rc.6(@deepseek-ai/cordis@4.0.1)(@deepseek-ai/dsh-invariants@0.0.1-rc.1(@deepseek-ai/cordis@4.0.1))':
    dependencies:
      '@deepseek-ai/cordis': 4.0.1(@deepseek-ai/cordis-plugin-loader@1.0.2)
      '@deepseek-ai/dsh-invariants': 0.0.1-rc.1(@deepseek-ai/cordis@4.0.1)

  '@deepseek-ai/dsh-tools@0.0.1-rc.1(a3b768eb2afb3bfc03048e900f550334)':
    dependencies:
      '@deepseek-ai/cordis': 4.0.1(@deepseek-ai/cordis-plugin-loader@1.0.2)
      '@deepseek-ai/dsh-agent': 0.1.0-rc.6(531b81fa1bd06817e7166d38da581b7d)
      '@deepseek-ai/dsh-code-runtime': 0.0.1-rc.1(@deepseek-ai/cordis@4.0.1)(@deepseek-ai/dsh-invariants@0.0.1-rc.1(@deepseek-ai/cordis@4.0.1))
      '@deepseek-ai/dsh-invariants': 0.0.1-rc.1(@deepseek-ai/cordis@4.0.1)
      '@deepseek-ai/dsh-llm': 0.1.0-rc.6(@deepseek-ai/cordis@4.0.1)(@deepseek-ai/dsh-attachment@0.1.0-rc.6(@deepseek-ai/cordis@4.0.1)(@deepseek-ai/dsh-brand@0.1.0-rc.6(@deepseek-ai/cordis@4.0.1)(@deepseek-ai/dsh-invariants@0.0.1-rc.1(@deepseek-ai/cordis@4.0.1)))(@deepseek-ai/dsh-invariants@0.0.1-rc.1(@deepseek-ai/cordis@4.0.1)))(@deepseek-ai/dsh-brand@0.1.0-rc.6(@deepseek-ai/cordis@4.0.1)(@deepseek-ai/dsh-invariants@0.0.1-rc.1(@deepseek-ai/cordis@4.0.1)))(@deepseek-ai/dsh-invariants@0.0.1-rc.1(@deepseek-ai/cordis@4.0.1))(@deepseek-ai/dsh-timeout@0.1.0-rc.6(@deepseek-ai/cordis@4.0.1)(@deepseek-ai/dsh-invariants@0.0.1-rc.1(@deepseek-ai/cordis@4.0.1)))
      '@deepseek-ai/dsh-scope': 0.0.1-rc.1(@deepseek-ai/cordis@4.0.1)(@deepseek-ai/dsh-invariants@0.0.1-rc.1(@deepseek-ai/cordis@4.0.1))
      '@deepseek-ai/dsh-session': 0.1.0-rc.6(9b5a64d57e4a98f67961826ec9394290)
      '@deepseek-ai/dsh-system-prompt': 0.0.1-rc.1(@deepseek-ai/cordis@4.0.1)(@deepseek-ai/dsh-invariants@0.0.1-rc.1(@deepseek-ai/cordis@4.0.1))(@deepseek-ai/dsh-llm@0.1.0-rc.6(@deepseek-ai/cordis@4.0.1)(@deepseek-ai/dsh-attachment@0.1.0-rc.6(@deepseek-ai/cordis@4.0.1)(@deepseek-ai/dsh-brand@0.1.0-rc.6(@deepseek-ai/cordis@4.0.1)(@deepseek-ai/dsh-invariants@0.0.1-rc.1(@deepseek-ai/cordis@4.0.1)))(@deepseek-ai/dsh-invariants@0.0.1-rc.1(@deepseek-ai/cordis@4.0.1)))(@deepseek-ai/dsh-brand@0.1.0-rc.6(@deepseek-ai/cordis@4.0.1)(@deepseek-ai/dsh-invariants@0.0.1-rc.1(@deepseek-ai/cordis@4.0.1)))(@deepseek-ai/dsh-invariants@0.0.1-rc.1(@deepseek-ai/cordis@4.0.1))(@deepseek-ai/dsh-timeout@0.1.0-rc.6(@deepseek-ai/cordis@4.0.1)(@deepseek-ai/dsh-invariants@0.0.1-rc.1(@deepseek-ai/cordis@4.0.1))))(@deepseek-ai/dsh-scope@0.0.1-rc.1(@deepseek-ai/cordis@4.0.1)(@deepseek-ai/dsh-invariants@0.0.1-rc.1(@deepseek-ai/cordis@4.0.1)))
      '@deepseek-ai/dsh-user-approval': 0.0.1-rc.1(ea3c3b110041351ddbbf44c40d80a62e)
      '@deepseek-ai/schemastery': 3.18.1

  '@deepseek-ai/dsh-typert-protocol@0.1.0-rc.6(@deepseek-ai/cordis@4.0.1)(@deepseek-ai/dsh-invariants@0.0.1-rc.1(@deepseek-ai/cordis@4.0.1))':
    dependencies:
      '@deepseek-ai/cordis': 4.0.1(@deepseek-ai/cordis-plugin-loader@1.0.2)
      '@deepseek-ai/dsh-invariants': 0.0.1-rc.1(@deepseek-ai/cordis@4.0.1)

  '@deepseek-ai/dsh-user-approval@0.0.1-rc.1(ea3c3b110041351ddbbf44c40d80a62e)':
    dependencies:
      '@deepseek-ai/cordis': 4.0.1(@deepseek-ai/cordis-plugin-loader@1.0.2)
      '@deepseek-ai/dsh-agent': 0.1.0-rc.6(531b81fa1bd06817e7166d38da581b7d)
      '@deepseek-ai/dsh-brand': 0.1.0-rc.6(@deepseek-ai/cordis@4.0.1)(@deepseek-ai/dsh-invariants@0.0.1-rc.1(@deepseek-ai/cordis@4.0.1))
      '@deepseek-ai/dsh-invariants': 0.0.1-rc.1(@deepseek-ai/cordis@4.0.1)
      '@deepseek-ai/dsh-llm': 0.1.0-rc.6(@deepseek-ai/cordis@4.0.1)(@deepseek-ai/dsh-attachment@0.1.0-rc.6(@deepseek-ai/cordis@4.0.1)(@deepseek-ai/dsh-brand@0.1.0-rc.6(@deepseek-ai/cordis@4.0.1)(@deepseek-ai/dsh-invariants@0.0.1-rc.1(@deepseek-ai/cordis@4.0.1)))(@deepseek-ai/dsh-invariants@0.0.1-rc.1(@deepseek-ai/cordis@4.0.1)))(@deepseek-ai/dsh-brand@0.1.0-rc.6(@deepseek-ai/cordis@4.0.1)(@deepseek-ai/dsh-invariants@0.0.1-rc.1(@deepseek-ai/cordis@4.0.1)))(@deepseek-ai/dsh-invariants@0.0.1-rc.1(@deepseek-ai/cordis@4.0.1))(@deepseek-ai/dsh-timeout@0.1.0-rc.6(@deepseek-ai/cordis@4.0.1)(@deepseek-ai/dsh-invariants@0.0.1-rc.1(@deepseek-ai/cordis@4.0.1)))
      '@deepseek-ai/dsh-scope': 0.0.1-rc.1(@deepseek-ai/cordis@4.0.1)(@deepseek-ai/dsh-invariants@0.0.1-rc.1(@deepseek-ai/cordis@4.0.1))
      '@deepseek-ai/dsh-session': 0.1.0-rc.6(9b5a64d57e4a98f67961826ec9394290)
      '@deepseek-ai/dsh-system-prompt': 0.0.1-rc.1(@deepseek-ai/cordis@4.0.1)(@deepseek-ai/dsh-invariants@0.0.1-rc.1(@deepseek-ai/cordis@4.0.1))(@deepseek-ai/dsh-llm@0.1.0-rc.6(@deepseek-ai/cordis@4.0.1)(@deepseek-ai/dsh-attachment@0.1.0-rc.6(@deepseek-ai/cordis@4.0.1)(@deepseek-ai/dsh-brand@0.1.0-rc.6(@deepseek-ai/cordis@4.0.1)(@deepseek-ai/dsh-invariants@0.0.1-rc.1(@deepseek-ai/cordis@4.0.1)))(@deepseek-ai/dsh-invariants@0.0.1-rc.1(@deepseek-ai/cordis@4.0.1)))(@deepseek-ai/dsh-brand@0.1.0-rc.6(@deepseek-ai/cordis@4.0.1)(@deepseek-ai/dsh-invariants@0.0.1-rc.1(@deepseek-ai/cordis@4.0.1)))(@deepseek-ai/dsh-invariants@0.0.1-rc.1(@deepseek-ai/cordis@4.0.1))(@deepseek-ai/dsh-timeout@0.1.0-rc.6(@deepseek-ai/cordis@4.0.1)(@deepseek-ai/dsh-invariants@0.0.1-rc.1(@deepseek-ai/cordis@4.0.1))))(@deepseek-ai/dsh-scope@0.0.1-rc.1(@deepseek-ai/cordis@4.0.1)(@deepseek-ai/dsh-invariants@0.0.1-rc.1(@deepseek-ai/cordis@4.0.1)))
      '@deepseek-ai/schemastery': 3.18.1

  '@deepseek-ai/schemastery@3.18.1':
    dependencies:
      '@deepseek-ai/cosmokit': 1.8.2
      '@standard-schema/spec': 1.1.0

  '@standard-schema/spec@1.1.0': {}

  '@types/node@22.20.1':
    dependencies:
      undici-types: 6.21.0

  '@types/qrcode-terminal@0.12.2': {}

  commander@15.0.0: {}

  qrcode-terminal@0.12.0: {}

  silk-wasm@3.7.1: {}

  typescript@5.5.2: {}

  undici-types@6.21.0: {}

  zod@4.4.3: {}
